
Microsoft Visual Studio Solution File, Format Version 12.00
# Visual Studio 14
VisualStudioVersion = 14.0.23107.0
MinimumVisualStudioVersion = 10.0.40219.1
Project("{FAE04EC0-301F-11D3-BF4B-00C04F79EFBC}") = "DeBrabander", "DeBrabander\DeBrabander.csproj", "{74019EDD-1AB1-44E1-B5AD-E939D50738D6}"
EndProject
Project("{FAE04EC0-301F-11D3-BF4B-00C04F79EFBC}") = "DeBrabander.Tests", "DeBrabander.Tests\DeBrabander.Tests.csproj", "{B0CD5F5B-BFCA-473B-8F83-892C3CB21DC2}"
EndProject
Global
	GlobalSection(SolutionConfigurationPlatforms) = preSolution
		Debug|Any CPU = Debug|Any CPU
		Release|Any CPU = Release|Any CPU
	EndGlobalSection
	GlobalSection(ProjectConfigurationPlatforms) = postSolution
		{74019EDD-1AB1-44E1-B5AD-E939D50738D6}.Debug|Any CPU.ActiveCfg = Debug|Any CPU
		{74019EDD-1AB1-44E1-B5AD-E939D50738D6}.Debug|Any CPU.Build.0 = Debug|Any CPU
		{74019EDD-1AB1-44E1-B5AD-E939D50738D6}.Release|Any CPU.ActiveCfg = Release|Any CPU
		{74019EDD-1AB1-44E1-B5AD-E939D50738D6}.Release|Any CPU.Build.0 = Release|Any CPU
		{B0CD5F5B-BFCA-473B-8F83-892C3CB21DC2}.Debug|Any CPU.ActiveCfg = Debug|Any CPU
		{B0CD5F5B-BFCA-473B-8F83-892C3CB21DC2}.Debug|Any CPU.Build.0 = Debug|Any CPU
		{B0CD5F5B-BFCA-473B-8F83-892C3CB21DC2}.Release|Any CPU.ActiveCfg = Release|Any CPU
		{B0CD5F5B-BFCA-473B-8F83-892C3CB21DC2}.Release|Any CPU.Build.0 = Release|Any CPU
	EndGlobalSection
	GlobalSection(SolutionProperties) = preSolution
		HideSolutionNode = FALSE
	EndGlobalSection
EndGlobal
